
Microsoft Visual Studio Solution File, Format Version 12.00
# Visual Studio Version 16
VisualStudioVersion = 16.0.29709.97
MinimumVisualStudioVersion = 10.0.40219.1
Project("{9A19103F-16F7-4668-BE54-9A1E7A4F7556}") = "FileEditorApp.Server", "FileEditorApp\Server\FileEditorApp.Server.csproj", "{4306E4FA-DF30-4E22-B9F1-2941E6181A1C}"
EndProject
Project("{9A19103F-16F7-4668-BE54-9A1E7A4F7556}") = "FileEditorApp.Client", "FileEditorApp\Client\FileEditorApp.Client.csproj", "{9859F19B-6539-4E8A-9A33-3841D924EFB8}"
EndProject
Project("{9A19103F-16F7-4668-BE54-9A1E7A4F7556}") = "FileEditorApp.Shared", "FileEditorApp\Shared\FileEditorApp.Shared.csproj", "{C5D1E375-E3D3-413D-BD9D-C092E6721D21}"
EndProject
Global
	GlobalSection(SolutionConfigurationPlatforms) = preSolution
		Debug|Any CPU = Debug|Any CPU
		Release|Any CPU = Release|Any CPU
	EndGlobalSection
	GlobalSection(ProjectConfigurationPlatforms) = postSolution
		{4306E4FA-DF30-4E22-B9F1-2941E6181A1C}.Debug|Any CPU.ActiveCfg = Debug|Any CPU
		{4306E4FA-DF30-4E22-B9F1-2941E6181A1C}.Debug|Any CPU.Build.0 = Debug|Any CPU
		{4306E4FA-DF30-4E22-B9F1-2941E6181A1C}.Release|Any CPU.ActiveCfg = Release|Any CPU
		{4306E4FA-DF30-4E22-B9F1-2941E6181A1C}.Release|Any CPU.Build.0 = Release|Any CPU
		{9859F19B-6539-4E8A-9A33-3841D924EFB8}.Debug|Any CPU.ActiveCfg = Debug|Any CPU
		{9859F19B-6539-4E8A-9A33-3841D924EFB8}.Debug|Any CPU.Build.0 = Debug|Any CPU
		{9859F19B-6539-4E8A-9A33-3841D924EFB8}.Release|Any CPU.ActiveCfg = Release|Any CPU
		{9859F19B-6539-4E8A-9A33-3841D924EFB8}.Release|Any CPU.Build.0 = Release|Any CPU
		{C5D1E375-E3D3-413D-BD9D-C092E6721D21}.Debug|Any CPU.ActiveCfg = Debug|Any CPU
		{C5D1E375-E3D3-413D-BD9D-C092E6721D21}.Debug|Any CPU.Build.0 = Debug|Any CPU
		{C5D1E375-E3D3-413D-BD9D-C092E6721D21}.Release|Any CPU.ActiveCfg = Release|Any CPU
		{C5D1E375-E3D3-413D-BD9D-C092E6721D21}.Release|Any CPU.Build.0 = Release|Any CPU
	EndGlobalSection
	GlobalSection(SolutionProperties) = preSolution
		HideSolutionNode = FALSE
	EndGlobalSection
	GlobalSection(ExtensibilityGlobals) = postSolution
		SolutionGuid = {F82569F9-AD42-4C82-BB2E-84258361D141}
	EndGlobalSection
EndGlobal
